
Microsoft Visual Studio Solution File, Format Version 12.00
# Visual Studio 15
VisualStudioVersion = 15.0.27130.2027
MinimumVisualStudioVersion = 10.0.40219.1
Project("{9A19103F-16F7-4668-BE54-9A1E7A4F7556}") = "CharacterWizard", "CharacterWizard\CharacterWizard.csproj", "{B998638D-F1C5-4A11-8085-DF8235AF0E39}"
EndProject
Project("{FAE04EC0-301F-11D3-BF4B-00C04F79EFBC}") = "CharacterWizardRepository", "CharacterWizardRepository\CharacterWizardRepository.csproj", "{48F3EC21-5A1E-4D97-9A94-447D996ECB87}"
EndProject
Global
	GlobalSection(SolutionConfigurationPlatforms) = preSolution
		Debug|Any CPU = Debug|Any CPU
		Release|Any CPU = Release|Any CPU
	EndGlobalSection
	GlobalSection(ProjectConfigurationPlatforms) = postSolution
		{B998638D-F1C5-4A11-8085-DF8235AF0E39}.Debug|Any CPU.ActiveCfg = Debug|Any CPU
		{B998638D-F1C5-4A11-8085-DF8235AF0E39}.Debug|Any CPU.Build.0 = Debug|Any CPU
		{B998638D-F1C5-4A11-8085-DF8235AF0E39}.Release|Any CPU.ActiveCfg = Release|Any CPU
		{B998638D-F1C5-4A11-8085-DF8235AF0E39}.Release|Any CPU.Build.0 = Release|Any CPU
		{48F3EC21-5A1E-4D97-9A94-447D996ECB87}.Debug|Any CPU.ActiveCfg = Debug|Any CPU
		{48F3EC21-5A1E-4D97-9A94-447D996ECB87}.Debug|Any CPU.Build.0 = Debug|Any CPU
		{48F3EC21-5A1E-4D97-9A94-447D996ECB87}.Release|Any CPU.ActiveCfg = Release|Any CPU
		{48F3EC21-5A1E-4D97-9A94-447D996ECB87}.Release|Any CPU.Build.0 = Release|Any CPU
	EndGlobalSection
	GlobalSection(SolutionProperties) = preSolution
		HideSolutionNode = FALSE
	EndGlobalSection
	GlobalSection(ExtensibilityGlobals) = postSolution
		SolutionGuid = {443CEF1C-E06C-4C3F-928D-CA38F57FA628}
	EndGlobalSection
EndGlobal
